Microsoft Visual Studio Solution File, Format Version 12.00
# Visual Studio Version 17
VisualStudioVersion = 17.5.2.0
MinimumVisualStudioVersion = 10.0.40219.1
Project("{FAE04EC0-301F-11D3-BF4B-00C04F79EFBC}") = "point", "point\point.csproj", "{AB427B60-93C0-5BAD-5D56-CD844B9A3EBD}"
EndProject
Global
	GlobalSection(SolutionConfigurationPlatforms) = preSolution
		Debug|Any CPU = Debug|Any CPU
		Release|Any CPU = Release|Any CPU
	EndGlobalSection
	GlobalSection(ProjectConfigurationPlatforms) = postSolution
		{AB427B60-93C0-5BAD-5D56-CD844B9A3EBD}.Debug|Any CPU.ActiveCfg = Debug|Any CPU
		{AB427B60-93C0-5BAD-5D56-CD844B9A3EBD}.Debug|Any CPU.Build.0 = Debug|Any CPU
		{AB427B60-93C0-5BAD-5D56-CD844B9A3EBD}.Release|Any CPU.ActiveCfg = Release|Any CPU
		{AB427B60-93C0-5BAD-5D56-CD844B9A3EBD}.Release|Any CPU.Build.0 = Release|Any CPU
	EndGlobalSection
	GlobalSection(SolutionProperties) = preSolution
		HideSolutionNode = FALSE
	EndGlobalSection
	GlobalSection(ExtensibilityGlobals) = postSolution
		SolutionGuid = {152E7229-7A15-4296-B408-E049549B1AC1}
	EndGlobalSection
EndGlobal
